
Microsoft Visual Studio Solution File, Format Version 12.00
# Visual Studio Version 17
VisualStudioVersion = 17.1.32328.378
MinimumVisualStudioVersion = 10.0.40219.1
Project("{FAE04EC0-301F-11D3-BF4B-00C04F79EFBC}") = "aspnetHWNTier", "aspnetHWNTier\aspnetHWNTier.csproj", "{03221071-359C-471F-8A61-CFF7365B5CA3}"
EndProject
Project("{FAE04EC0-301F-11D3-BF4B-00C04F79EFBC}") = "DAL", "DAL\DAL.csproj", "{EA87DDFE-8156-4A5A-9097-30AFB37D7861}"
EndProject
Project("{FAE04EC0-301F-11D3-BF4B-00C04F79EFBC}") = "BIL", "BIL\BIL.csproj", "{70A222AE-9736-413B-BD21-443554BDAC72}"
EndProject
Global
	GlobalSection(SolutionConfigurationPlatforms) = preSolution
		Debug|Any CPU = Debug|Any CPU
		Release|Any CPU = Release|Any CPU
	EndGlobalSection
	GlobalSection(ProjectConfigurationPlatforms) = postSolution
		{03221071-359C-471F-8A61-CFF7365B5CA3}.Debug|Any CPU.ActiveCfg = Debug|Any CPU
		{03221071-359C-471F-8A61-CFF7365B5CA3}.Debug|Any CPU.Build.0 = Debug|Any CPU
		{03221071-359C-471F-8A61-CFF7365B5CA3}.Release|Any CPU.ActiveCfg = Release|Any CPU
		{03221071-359C-471F-8A61-CFF7365B5CA3}.Release|Any CPU.Build.0 = Release|Any CPU
		{EA87DDFE-8156-4A5A-9097-30AFB37D7861}.Debug|Any CPU.ActiveCfg = Debug|Any CPU
		{EA87DDFE-8156-4A5A-9097-30AFB37D7861}.Debug|Any CPU.Build.0 = Debug|Any CPU
		{EA87DDFE-8156-4A5A-9097-30AFB37D7861}.Release|Any CPU.ActiveCfg = Release|Any CPU
		{EA87DDFE-8156-4A5A-9097-30AFB37D7861}.Release|Any CPU.Build.0 = Release|Any CPU
		{70A222AE-9736-413B-BD21-443554BDAC72}.Debug|Any CPU.ActiveCfg = Debug|Any CPU
		{70A222AE-9736-413B-BD21-443554BDAC72}.Debug|Any CPU.Build.0 = Debug|Any CPU
		{70A222AE-9736-413B-BD21-443554BDAC72}.Release|Any CPU.ActiveCfg = Release|Any CPU
		{70A222AE-9736-413B-BD21-443554BDAC72}.Release|Any CPU.Build.0 = Release|Any CPU
	EndGlobalSection
	GlobalSection(SolutionProperties) = preSolution
		HideSolutionNode = FALSE
	EndGlobalSection
	GlobalSection(ExtensibilityGlobals) = postSolution
		SolutionGuid = {DBC84373-2282-464B-9615-292F72438097}
	EndGlobalSection
EndGlobal
